
Microsoft Visual Studio Solution File, Format Version 12.00
# Visual Studio Version 16
VisualStudioVersion = 16.0.30621.155
MinimumVisualStudioVersion = 10.0.40219.1
Project("{FAE04EC0-301F-11D3-BF4B-00C04F79EFBC}") = "Barkodlu_Satis_Programi", "Barkodlu_Satis_Programi.csproj", "{3E3044E2-326C-431B-879F-2D7EAB936DF2}"
EndProject
Global
	GlobalSection(SolutionConfigurationPlatforms) = preSolution
		Debug|Any CPU = Debug|Any CPU
		Release|Any CPU = Release|Any CPU
	EndGlobalSection
	GlobalSection(ProjectConfigurationPlatforms) = postSolution
		{3E3044E2-326C-431B-879F-2D7EAB936DF2}.Debug|Any CPU.ActiveCfg = Debug|Any CPU
		{3E3044E2-326C-431B-879F-2D7EAB936DF2}.Debug|Any CPU.Build.0 = Debug|Any CPU
		{3E3044E2-326C-431B-879F-2D7EAB936DF2}.Release|Any CPU.ActiveCfg = Release|Any CPU
		{3E3044E2-326C-431B-879F-2D7EAB936DF2}.Release|Any CPU.Build.0 = Release|Any CPU
	EndGlobalSection
	GlobalSection(SolutionProperties) = preSolution
		HideSolutionNode = FALSE
	EndGlobalSection
	GlobalSection(ExtensibilityGlobals) = postSolution
		SolutionGuid = {EACE37EC-1CA1-4994-BD5F-08C246F7F756}
	EndGlobalSection
EndGlobal
